
Microsoft Visual Studio Solution File, Format Version 12.00
# Visual Studio Version 16
VisualStudioVersion = 16.0.30517.126
MinimumVisualStudioVersion = 10.0.40219.1
Project("{FAE04EC0-301F-11D3-BF4B-00C04F79EFBC}") = "bilet14_zadanie1", "bilet14_zadanie1\bilet14_zadanie1.csproj", "{032CA92C-4E58-4E27-87D4-9B478DFE6406}"
EndProject
Global
	GlobalSection(SolutionConfigurationPlatforms) = preSolution
		Debug|Any CPU = Debug|Any CPU
		Release|Any CPU = Release|Any CPU
	EndGlobalSection
	GlobalSection(ProjectConfigurationPlatforms) = postSolution
		{032CA92C-4E58-4E27-87D4-9B478DFE6406}.Debug|Any CPU.ActiveCfg = Debug|Any CPU
		{032CA92C-4E58-4E27-87D4-9B478DFE6406}.Debug|Any CPU.Build.0 = Debug|Any CPU
		{032CA92C-4E58-4E27-87D4-9B478DFE6406}.Release|Any CPU.ActiveCfg = Release|Any CPU
		{032CA92C-4E58-4E27-87D4-9B478DFE6406}.Release|Any CPU.Build.0 = Release|Any CPU
	EndGlobalSection
	GlobalSection(SolutionProperties) = preSolution
		HideSolutionNode = FALSE
	EndGlobalSection
	GlobalSection(ExtensibilityGlobals) = postSolution
		SolutionGuid = {45B5FF44-2A22-4FF0-B938-29D27BB8B1FD}
	EndGlobalSection
EndGlobal
